{
  "version": 4,
  "terraform_version": "0.12.24",
  "serial": 5,
  "lineage": "71369d16-dbba-6af0-346b-024d557a2758",
  "outputs": {},
  "resources": [
    {
      "module": "module.k8s-pki",
      "mode": "managed",
      "type": "vault_mount",
      "name": "k8s_pki",
      "each": "map",
      "provider": "provider.vault",
      "instances": [
        {
          "index_key": "qa-cluster",
          "schema_version": 0,
          "attributes": {
            "accessor": "pki_b5b94e7a",
            "default_lease_ttl_seconds": 0,
            "description": "",
            "id": "clusters/qa-cluster/pkis/k8s",
            "local": false,
            "max_lease_ttl_seconds": 3600,
            "options": null,
            "path": "clusters/qa-cluster/pkis/k8s",
            "seal_wrap": false,
            "type": "pki"
          },
          "private": "bnVsbA=="
        }
      ]
    },
    {
      "module": "module.k8s-pki",
      "mode": "managed",
      "type": "vault_pki_secret_backend_config_urls",
      "name": "k8s_config_urls",
      "each": "map",
      "provider": "provider.vault",
      "instances": [
        {
          "index_key": "qa-cluster",
          "schema_version": 0,
          "attributes": {
            "backend": "clusters/qa-cluster/pkis/k8s",
            "crl_distribution_points": null,
            "id": "clusters/qa-cluster/pkis/k8s/config/urls",
            "issuing_certificates": [
              "http://127.0.0.1:8200/v1/clusters/qa-cluster/pkis/k8s/ca"
            ],
            "ocsp_servers": null
          },
          "private": "bnVsbA==",
          "dependencies": [
            "module.k8s-pki.vault_mount.k8s_pki"
          ]
        }
      ]
    }
  ]
}
